Microsoft Visual Studio Solution File, Format Version 11.00
# Visual Studio 2010
Project("{8BC9CEB8-8B4A-11D0-8D11-00A0C91BC942}") = "ALL_BUILD", "ALL_BUILD.vcxproj", "{C2FEFA4F-229B-4FD5-924E-E51E5EEBB3C8}"
	ProjectSection(ProjectDependencies) = postProject
		{E9964CDB-B54B-4C15-A0AA-12BF4AA2E980} = {E9964CDB-B54B-4C15-A0AA-12BF4AA2E980}
		{567DD512-D070-4A3D-82EB-8D27C037E1D4} = {567DD512-D070-4A3D-82EB-8D27C037E1D4}
	EndProjectSection
EndProject
Project("{8BC9CEB8-8B4A-11D0-8D11-00A0C91BC942}") = "INSTALL", "INSTALL.vcxproj", "{6440BD0C-83B7-4151-985D-77BAED2392CF}"
	ProjectSection(ProjectDependencies) = postProject
		{C2FEFA4F-229B-4FD5-924E-E51E5EEBB3C8} = {C2FEFA4F-229B-4FD5-924E-E51E5EEBB3C8}
	EndProjectSection
EndProject
Project("{8BC9CEB8-8B4A-11D0-8D11-00A0C91BC942}") = "ZERO_CHECK", "ZERO_CHECK.vcxproj", "{E9964CDB-B54B-4C15-A0AA-12BF4AA2E980}"
	ProjectSection(ProjectDependencies) = postProject
	EndProjectSection
EndProject
Project("{8BC9CEB8-8B4A-11D0-8D11-00A0C91BC942}") = "objectloader", "objectloader.vcxproj", "{567DD512-D070-4A3D-82EB-8D27C037E1D4}"
	ProjectSection(ProjectDependencies) = postProject
		{E9964CDB-B54B-4C15-A0AA-12BF4AA2E980} = {E9964CDB-B54B-4C15-A0AA-12BF4AA2E980}
	EndProjectSection
EndProject
Global
	GlobalSection(SolutionConfigurationPlatforms) = preSolution
		Debug|Win32 = Debug|Win32
		Release|Win32 = Release|Win32
		MinSizeRel|Win32 = MinSizeRel|Win32
		RelWithDebInfo|Win32 = RelWithDebInfo|Win32
	EndGlobalSection
	GlobalSection(ProjectConfigurationPlatforms) = postSolution
		{C2FEFA4F-229B-4FD5-924E-E51E5EEBB3C8}.Debug|Win32.ActiveCfg = Debug|Win32
		{C2FEFA4F-229B-4FD5-924E-E51E5EEBB3C8}.Debug|Win32.Build.0 = Debug|Win32
		{C2FEFA4F-229B-4FD5-924E-E51E5EEBB3C8}.Release|Win32.ActiveCfg = Release|Win32
		{C2FEFA4F-229B-4FD5-924E-E51E5EEBB3C8}.Release|Win32.Build.0 = Release|Win32
		{C2FEFA4F-229B-4FD5-924E-E51E5EEBB3C8}.MinSizeRel|Win32.ActiveCfg = MinSizeRel|Win32
		{C2FEFA4F-229B-4FD5-924E-E51E5EEBB3C8}.MinSizeRel|Win32.Build.0 = MinSizeRel|Win32
		{C2FEFA4F-229B-4FD5-924E-E51E5EEBB3C8}.RelWithDebInfo|Win32.ActiveCfg = RelWithDebInfo|Win32
		{C2FEFA4F-229B-4FD5-924E-E51E5EEBB3C8}.RelWithDebInfo|Win32.Build.0 = RelWithDebInfo|Win32
		{6440BD0C-83B7-4151-985D-77BAED2392CF}.Debug|Win32.ActiveCfg = Debug|Win32
		{6440BD0C-83B7-4151-985D-77BAED2392CF}.Release|Win32.ActiveCfg = Release|Win32
		{6440BD0C-83B7-4151-985D-77BAED2392CF}.MinSizeRel|Win32.ActiveCfg = MinSizeRel|Win32
		{6440BD0C-83B7-4151-985D-77BAED2392CF}.RelWithDebInfo|Win32.ActiveCfg = RelWithDebInfo|Win32
		{E9964CDB-B54B-4C15-A0AA-12BF4AA2E980}.Debug|Win32.ActiveCfg = Debug|Win32
		{E9964CDB-B54B-4C15-A0AA-12BF4AA2E980}.Debug|Win32.Build.0 = Debug|Win32
		{E9964CDB-B54B-4C15-A0AA-12BF4AA2E980}.Release|Win32.ActiveCfg = Release|Win32
		{E9964CDB-B54B-4C15-A0AA-12BF4AA2E980}.Release|Win32.Build.0 = Release|Win32
		{E9964CDB-B54B-4C15-A0AA-12BF4AA2E980}.MinSizeRel|Win32.ActiveCfg = MinSizeRel|Win32
		{E9964CDB-B54B-4C15-A0AA-12BF4AA2E980}.MinSizeRel|Win32.Build.0 = MinSizeRel|Win32
		{E9964CDB-B54B-4C15-A0AA-12BF4AA2E980}.RelWithDebInfo|Win32.ActiveCfg = RelWithDebInfo|Win32
		{E9964CDB-B54B-4C15-A0AA-12BF4AA2E980}.RelWithDebInfo|Win32.Build.0 = RelWithDebInfo|Win32
		{567DD512-D070-4A3D-82EB-8D27C037E1D4}.Debug|Win32.ActiveCfg = Debug|Win32
		{567DD512-D070-4A3D-82EB-8D27C037E1D4}.Debug|Win32.Build.0 = Debug|Win32
		{567DD512-D070-4A3D-82EB-8D27C037E1D4}.Release|Win32.ActiveCfg = Release|Win32
		{567DD512-D070-4A3D-82EB-8D27C037E1D4}.Release|Win32.Build.0 = Release|Win32
		{567DD512-D070-4A3D-82EB-8D27C037E1D4}.MinSizeRel|Win32.ActiveCfg = MinSizeRel|Win32
		{567DD512-D070-4A3D-82EB-8D27C037E1D4}.MinSizeRel|Win32.Build.0 = MinSizeRel|Win32
		{567DD512-D070-4A3D-82EB-8D27C037E1D4}.RelWithDebInfo|Win32.ActiveCfg = RelWithDebInfo|Win32
		{567DD512-D070-4A3D-82EB-8D27C037E1D4}.RelWithDebInfo|Win32.Build.0 = RelWithDebInfo|Win32
	EndGlobalSection
	GlobalSection(ExtensibilityGlobals) = postSolution
	EndGlobalSection
	GlobalSection(ExtensibilityAddIns) = postSolution
	EndGlobalSection
EndGlobal
